// !$*UTF8*$!
{
	archiveVersion = 1;
	classes = {
	};
	objectVersion = 56;
	objects = {

/* Begin PBXBuildFile section */
		F7F02DD82C42D9E0007D6C7E /* AppDelegate.swift in Sources */ = {isa = PBXBuildFile; fileRef = F7F02DD72C42D9E0007D6C7E /* AppDelegate.swift */; };
		F7F02DDA2C42D9E0007D6C7E /* SceneDelegate.swift in Sources */ = {isa = PBXBuildFile; fileRef = F7F02DD92C42D9E0007D6C7E /* SceneDelegate.swift */; };
		F7F02DDC2C42D9E0007D6C7E /* ViewController.swift in Sources */ = {isa = PBXBuildFile; fileRef = F7F02DDB2C42D9E0007D6C7E /* ViewController.swift */; };
		F7F02DDF2C42D9E0007D6C7E /* Base in Resources */ = {isa = PBXBuildFile; fileRef = F7F02DDE2C42D9E0007D6C7E /* Base */; };
		F7F02DE12C42D9E1007D6C7E /* Assets.xcassets in Resources */ = {isa = PBXBuildFile; fileRef = F7F02DE02C42D9E1007D6C7E /* Assets.xcassets */; };
		F7F02DE42C42D9E1007D6C7E /* Base in Resources */ = {isa = PBXBuildFile; fileRef = F7F02DE32C42D9E1007D6C7E /* Base */; };
		F7F02DF02C42DAC3007D6C7E /* LoginViewController.swift in Sources */ = {isa = PBXBuildFile; fileRef = F7F02DED2C42DAC3007D6C7E /* LoginViewController.swift */; };
		F7F02DF22C4E7C64007D6C7E /* LoginViewStoryboard.storyboard in Resources */ = {isa = PBXBuildFile; fileRef = F7F02DF12C4E7C64007D6C7E /* LoginViewStoryboard.storyboard */; };
/* End PBXBuildFile section */

/* Begin PBXFileReference section */
		F7F02DD42C42D9E0007D6C7E /* Clases.app */ = {isa = PBXFileReference; explicitFileType = wrapper.application; includeInIndex = 0; path = Clases.app; sourceTree = BUILT_PRODUCTS_DIR; };
		F7F02DD72C42D9E0007D6C7E /* AppDelegate.swift */ = {isa = PBXFileReference; lastKnownFileType = sourcecode.swift; path = AppDelegate.swift; sourceTree = "<group>"; };
		F7F02DD92C42D9E0007D6C7E /* SceneDelegate.swift */ = {isa = PBXFileReference; lastKnownFileType = sourcecode.swift; path = SceneDelegate.swift; sourceTree = "<group>"; };
		F7F02DDB2C42D9E0007D6C7E /* ViewController.swift */ = {isa = PBXFileReference; lastKnownFileType = sourcecode.swift; path = ViewController.swift; sourceTree = "<group>"; };
		F7F02DDE2C42D9E0007D6C7E /* Base */ = {isa = PBXFileReference; lastKnownFileType = file.storyboard; name = Base; path = Base.lproj/Main.storyboard; sourceTree = "<group>"; };
		F7F02DE02C42D9E1007D6C7E /* Assets.xcassets */ = {isa = PBXFileReference; lastKnownFileType = folder.assetcatalog; path = Assets.xcassets; sourceTree = "<group>"; };
		F7F02DE32C42D9E1007D6C7E /* Base */ = {isa = PBXFileReference; lastKnownFileType = file.storyboard; name = Base; path = Base.lproj/LaunchScreen.storyboard; sourceTree = "<group>"; };
		F7F02DE52C42D9E1007D6C7E /* Info.plist */ = {isa = PBXFileReference; lastKnownFileType = text.plist.xml; path = Info.plist; sourceTree = "<group>"; };
		F7F02DED2C42DAC3007D6C7E /* LoginViewController.swift */ = {isa = PBXFileReference; lastKnownFileType = sourcecode.swift; path = LoginViewController.swift; sourceTree = "<group>"; };
		F7F02DF12C4E7C64007D6C7E /* LoginViewStoryboard.storyboard */ = {isa = PBXFileReference; lastKnownFileType = file.storyboard; path = LoginViewStoryboard.storyboard; sourceTree = "<group>"; };
/* End PBXFileReference section */

/* Begin PBXFrameworksBuildPhase section */
		F7F02DD12C42D9E0007D6C7E /* Frameworks */ = {
			isa = PBXFrameworksBuildPhase;
			buildActionMask = 2147483647;
			files = (
			);
			runOnlyForDeploymentPostprocessing = 0;
		};
/* End PBXFrameworksBuildPhase section */

/* Begin PBXGroup section */
		F7F02DCB2C42D9E0007D6C7E = {
			isa = PBXGroup;
			children = (
				F7F02DD62C42D9E0007D6C7E /* Clases */,
				F7F02DD52C42D9E0007D6C7E /* Products */,
			);
			sourceTree = "<group>";
		};
		F7F02DD52C42D9E0007D6C7E /* Products */ = {
			isa = PBXGroup;
			children = (
				F7F02DD42C42D9E0007D6C7E /* Clases.app */,
			);
			name = Products;
			sourceTree = "<group>";
		};
		F7F02DD62C42D9E0007D6C7E /* Clases */ = {
			isa = PBXGroup;
			children = (
				F7F02DEB2C42DA2D007D6C7E /* Modules */,
				F7F02DD72C42D9E0007D6C7E /* AppDelegate.swift */,
				F7F02DD92C42D9E0007D6C7E /* SceneDelegate.swift */,
				F7F02DDB2C42D9E0007D6C7E /* ViewController.swift */,
				F7F02DDD2C42D9E0007D6C7E /* Main.storyboard */,
				F7F02DE02C42D9E1007D6C7E /* Assets.xcassets */,
				F7F02DE22C42D9E1007D6C7E /* LaunchScreen.storyboard */,
				F7F02DE52C42D9E1007D6C7E /* Info.plist */,
			);
			path = Clases;
			sourceTree = "<group>";
		};
		F7F02DEB2C42DA2D007D6C7E /* Modules */ = {
			isa = PBXGroup;
			children = (
				F7F02DEC2C42DA43007D6C7E /* Login */,
			);
			path = Modules;
			sourceTree = "<group>";
		};
		F7F02DEC2C42DA43007D6C7E /* Login */ = {
			isa = PBXGroup;
			children = (
				F7F02DED2C42DAC3007D6C7E /* LoginViewController.swift */,
				F7F02DF12C4E7C64007D6C7E /* LoginViewStoryboard.storyboard */,
			);
			path = Login;
			sourceTree = "<group>";
		};
/* End PBXGroup section */

/* Begin PBXNativeTarget section */
		F7F02DD32C42D9E0007D6C7E /* Clases */ = {
			isa = PBXNativeTarget;
			buildConfigurationList = F7F02DE82C42D9E1007D6C7E /* Build configuration list for PBXNativeTarget "Clases" */;
			buildPhases = (
				F7F02DD02C42D9E0007D6C7E /* Sources */,
				F7F02DD12C42D9E0007D6C7E /* Frameworks */,
				F7F02DD22C42D9E0007D6C7E /* Resources */,
			);
			buildRules = (
			);
			dependencies = (
			);
			name = Clases;
			productName = Clases;
			productReference = F7F02DD42C42D9E0007D6C7E /* Clases.app */;
			productType = "com.apple.product-type.application";
		};
/* End PBXNativeTarget section */

/* Begin PBXProject section */
		F7F02DCC2C42D9E0007D6C7E /* Project object */ = {
			isa = PBXProject;
			attributes = {
				BuildIndependentTargetsInParallel = 1;
				LastSwiftUpdateCheck = 1540;
				LastUpgradeCheck = 1540;
				TargetAttributes = {
					F7F02DD32C42D9E0007D6C7E = {
						CreatedOnToolsVersion = 15.4;
					};
				};
			};
			buildConfigurationList = F7F02DCF2C42D9E0007D6C7E /* Build configuration list for PBXProject "Clases" */;
			compatibilityVersion = "Xcode 14.0";
			developmentRegion = en;
			hasScannedForEncodings = 0;
			knownRegions = (
				en,
				Base,
			);
			mainGroup = F7F02DCB2C42D9E0007D6C7E;
			productRefGroup = F7F02DD52C42D9E0007D6C7E /* Products */;
			projectDirPath = "";
			projectRoot = "";
			targets = (
				F7F02DD32C42D9E0007D6C7E /* Clases */,
			);
		};
/* End PBXProject section */

/* Begin PBXResourcesBuildPhase section */
		F7F02DD22C42D9E0007D6C7E /* Resources */ = {
			isa = PBXResourcesBuildPhase;
			buildActionMask = 2147483647;
			files = (
				F7F02DE12C42D9E1007D6C7E /* Assets.xcassets in Resources */,
				F7F02DE42C42D9E1007D6C7E /* Base in Resources */,
				F7F02DF22C4E7C64007D6C7E /* LoginViewStoryboard.storyboard in Resources */,
				F7F02DDF2C42D9E0007D6C7E /* Base in Resources */,
			);
			runOnlyForDeploymentPostprocessing = 0;
		};
/* End PBXResourcesBuildPhase section */

/* Begin PBXSourcesBuildPhase section */
		F7F02DD02C42D9E0007D6C7E /* Sources */ = {
			isa = PBXSourcesBuildPhase;
			buildActionMask = 2147483647;
			files = (
				F7F02DF02C42DAC3007D6C7E /* LoginViewController.swift in Sources */,
				F7F02DDC2C42D9E0007D6C7E /* ViewController.swift in Sources */,
				F7F02DD82C42D9E0007D6C7E /* AppDelegate.swift in Sources */,
				F7F02DDA2C42D9E0007D6C7E /* SceneDelegate.swift in Sources */,
			);
			runOnlyForDeploymentPostprocessing = 0;
		};
/* End PBXSourcesBuildPhase section */

/* Begin PBXVariantGroup section */
		F7F02DDD2C42D9E0007D6C7E /* Main.storyboard */ = {
			isa = PBXVariantGroup;
			children = (
				F7F02DDE2C42D9E0007D6C7E /* Base */,
			);
			name = Main.storyboard;
			sourceTree = "<group>";
		};
		F7F02DE22C42D9E1007D6C7E /* LaunchScreen.storyboard */ = {
			isa = PBXVariantGroup;
			children = (
				F7F02DE32C42D9E1007D6C7E /* Base */,
			);
			name = LaunchScreen.storyboard;
			sourceTree = "<group>";
		};
/* End PBXVariantGroup section */

/* Begin XCBuildConfiguration section */
		F7F02DE62C42D9E1007D6C7E /* Debug */ = {
			isa = XCBuildConfiguration;
			buildSettings = {
				ALWAYS_SEARCH_USER_PATHS = NO;
				ASSETCATALOG_COMPILER_GENERATE_SWIFT_ASSET_SYMBOL_EXTENSIONS = YES;
				CLANG_ANALYZER_NONNULL = YES;
				CLANG_ANALYZER_NUMBER_OBJECT_CONVERSION = YES_AGGRESSIVE;
				CLANG_CXX_LANGUAGE_STANDARD = "gnu++20";
				CLANG_ENABLE_MODULES = YES;
				CLANG_ENABLE_OBJC_ARC = YES;
				CLANG_ENABLE_OBJC_WEAK = YES;
				CLANG_WARN_BLOCK_CAPTURE_AUTORELEASING = YES;
				CLANG_WARN_BOOL_CONVERSION = YES;
				CLANG_WARN_COMMA = YES;
				CLANG_WARN_CONSTANT_CONVERSION = YES;
				CLANG_WARN_DEPRECATED_OBJC_IMPLEMENTATIONS = YES;
				CLANG_WARN_DIRECT_OBJC_ISA_USAGE = YES_ERROR;
				CLANG_WARN_DOCUMENTATION_COMMENTS = YES;
				CLANG_WARN_EMPTY_BODY = YES;
				CLANG_WARN_ENUM_CONVERSION = YES;
				CLANG_WARN_INFINITE_RECURSION = YES;
				CLANG_WARN_INT_CONVERSION = YES;
				CLANG_WARN_NON_LITERAL_NULL_CONVERSION = YES;
				CLANG_WARN_OBJC_IMPLICIT_RETAIN_SELF = YES;
				CLANG_WARN_OBJC_LITERAL_CONVERSION = YES;
				CLANG_WARN_OBJC_ROOT_CLASS = YES_ERROR;
				CLANG_WARN_QUOTED_INCLUDE_IN_FRAMEWORK_HEADER = YES;
				CLANG_WARN_RANGE_LOOP_ANALYSIS = YES;
				CLANG_WARN_STRICT_PROTOTYPES = YES;
				CLANG_WARN_SUSPICIOUS_MOVE = YES;
				CLANG_WARN_UNGUARDED_AVAILABILITY = YES_AGGRESSIVE;
				CLANG_WARN_UNREACHABLE_CODE = YES;
				CLANG_WARN__DUPLICATE_METHOD_MATCH = YES;
				COPY_PHASE_STRIP = NO;
				DEBUG_INFORMATION_FORMAT = dwarf;
				ENABLE_STRICT_OBJC_MSGSEND = YES;
				ENABLE_TESTABILITY = YES;
				ENABLE_USER_SCRIPT_SANDBOXING = YES;
				GCC_C_LANGUAGE_STANDARD = gnu17;
				GCC_DYNAMIC_NO_PIC = NO;
				GCC_NO_COMMON_BLOCKS = YES;
				GCC_OPTIMIZATION_LEVEL = 0;
				GCC_PREPROCESSOR_DEFINITIONS = (
					"DEBUG=1",
					"$(inherited)",
				);
				GCC_WARN_64_TO_32_BIT_CONVERSION = YES;
				GCC_WARN_ABOUT_RETURN_TYPE = YES_ERROR;
				GCC_WARN_UNDECLARED_SELECTOR = YES;
				GCC_WARN_UNINITIALIZED_AUTOS = YES_AGGRESSIVE;
				GCC_WARN_UNUSED_FUNCTION = YES;
				GCC_WARN_UNUSED_VARIABLE = YES;
				IPHONEOS_DEPLOYMENT_TARGET = 17.5;
				LOCALIZATION_PREFERS_STRING_CATALOGS = YES;
				MTL_ENABLE_DEBUG_INFO = INCLUDE_SOURCE;
				MTL_FAST_MATH = YES;
				ONLY_ACTIVE_ARCH = YES;
				SDKROOT = iphoneos;
				SWIFT_ACTIVE_COMPILATION_CONDITIONS = "DEBUG $(inherited)";
				SWIFT_OPTIMIZATION_LEVEL = "-Onone";
			};
			name = Debug;
		};
		F7F02DE72C42D9E1007D6C7E /* Release */ = {
			isa = XCBuildConfiguration;
			buildSettings = {
				ALWAYS_SEARCH_USER_PATHS = NO;
				ASSETCATALOG_COMPILER_GENERATE_SWIFT_ASSET_SYMBOL_EXTENSIONS = YES;
				CLANG_ANALYZER_NONNULL = YES;
				CLANG_ANALYZER_NUMBER_OBJECT_CONVERSION = YES_AGGRESSIVE;
				CLANG_CXX_LANGUAGE_STANDARD = "gnu++20";
				CLANG_ENABLE_MODULES = YES;
				CLANG_ENABLE_OBJC_ARC = YES;
				CLANG_ENABLE_OBJC_WEAK = YES;
				CLANG_WARN_BLOCK_CAPTURE_AUTORELEASING = YES;
				CLANG_WARN_BOOL_CONVERSION = YES;
				CLANG_WARN_COMMA = YES;
				CLANG_WARN_CONSTANT_CONVERSION = YES;
				CLANG_WARN_DEPRECATED_OBJC_IMPLEMENTATIONS = YES;
				CLANG_WARN_DIRECT_OBJC_ISA_USAGE = YES_ERROR;
				CLANG_WARN_DOCUMENTATION_COMMENTS = YES;
				CLANG_WARN_EMPTY_BODY = YES;
				CLANG_WARN_ENUM_CONVERSION = YES;
				CLANG_WARN_INFINITE_RECURSION = YES;
				CLANG_WARN_INT_CONVERSION = YES;
				CLANG_WARN_NON_LITERAL_NULL_CONVERSION = YES;
				CLANG_WARN_OBJC_IMPLICIT_RETAIN_SELF = YES;
				CLANG_WARN_OBJC_LITERAL_CONVERSION = YES;
				CLANG_WARN_OBJC_ROOT_CLASS = YES_ERROR;
				CLANG_WARN_QUOTED_INCLUDE_IN_FRAMEWORK_HEADER = YES;
				CLANG_WARN_RANGE_LOOP_ANALYSIS = YES;
				CLANG_WARN_STRICT_PROTOTYPES = YES;
				CLANG_WARN_SUSPICIOUS_MOVE = YES;
				CLANG_WARN_UNGUARDED_AVAILABILITY = YES_AGGRESSIVE;
				CLANG_WARN_UNREACHABLE_CODE = YES;
				CLANG_WARN__DUPLICATE_METHOD_MATCH = YES;
				COPY_PHASE_STRIP = NO;
				DEBUG_INFORMATION_FORMAT = "dwarf-with-dsym";
				ENABLE_NS_ASSERTIONS = NO;
				ENABLE_STRICT_OBJC_MSGSEND = YES;
				ENABLE_USER_SCRIPT_SANDBOXING = YES;
				GCC_C_LANGUAGE_STANDARD = gnu17;
				GCC_NO_COMMON_BLOCKS = YES;
				GCC_WARN_64_TO_32_BIT_CONVERSION = YES;
				GCC_WARN_ABOUT_RETURN_TYPE = YES_ERROR;
				GCC_WARN_UNDECLARED_SELECTOR = YES;
				GCC_WARN_UNINITIALIZED_AUTOS = YES_AGGRESSIVE;
				GCC_WARN_UNUSED_FUNCTION = YES;
				GCC_WARN_UNUSED_VARIABLE = YES;
				IPHONEOS_DEPLOYMENT_TARGET = 17.5;
				LOCALIZATION_PREFERS_STRING_CATALOGS = YES;
				MTL_ENABLE_DEBUG_INFO = NO;
				MTL_FAST_MATH = YES;
				SDKROOT = iphoneos;
				SWIFT_COMPILATION_MODE = wholemodule;
				VALIDATE_PRODUCT = YES;
			};
			name = Release;
		};
		F7F02DE92C42D9E1007D6C7E /* Debug */ = {
			isa = XCBuildConfiguration;
			buildSettings = {
				ASSETCATALOG_COMPILER_APPICON_NAME = AppIcon;
				ASSETCATALOG_COMPILER_GLOBAL_ACCENT_COLOR_NAME = AccentColor;
				CODE_SIGN_STYLE = Automatic;
				CURRENT_PROJECT_VERSION = 1;
				DEVELOPMENT_TEAM = Q75P6DUJC7;
				GENERATE_INFOPLIST_FILE = YES;
				INFOPLIST_FILE = Clases/Info.plist;
				INFOPLIST_KEY_UIApplicationSupportsIndirectInputEvents = YES;
				INFOPLIST_KEY_UILaunchStoryboardName = LaunchScreen;
				INFOPLIST_KEY_UIMainStoryboardFile = Main;
				INFOPLIST_KEY_UISupportedInterfaceOrientations_iPad = "UIInterfaceOrientationPortrait UIInterfaceOrientationPortraitUpsideDown UIInterfaceOrientationLandscapeLeft UIInterfaceOrientationLandscapeRight";
				INFOPLIST_KEY_UISupportedInterfaceOrientations_iPhone = "UIInterfaceOrientationPortrait UIInterfaceOrientationLandscapeLeft UIInterfaceOrientationLandscapeRight";
				IPHONEOS_DEPLOYMENT_TARGET = 15.0;
				LD_RUNPATH_SEARCH_PATHS = (
					"$(inherited)",
					"@executable_path/Frameworks",
				);
				MARKETING_VERSION = 1.0;
				PRODUCT_BUNDLE_IDENTIFIER = com.YareliArragan.Clases;
				PRODUCT_NAME = "$(TARGET_NAME)";
				SUPPORTED_PLATFORMS = "iphoneos iphonesimulator";
				SUPPORTS_MACCATALYST = NO;
				SUPPORTS_MAC_DESIGNED_FOR_IPHONE_IPAD = NO;
				SUPPORTS_XR_DESIGNED_FOR_IPHONE_IPAD = NO;
				SWIFT_EMIT_LOC_STRINGS = YES;
				SWIFT_VERSION = 5.0;
				TARGETED_DEVICE_FAMILY = "1,2";
			};
			name = Debug;
		};
		F7F02DEA2C42D9E1007D6C7E /* Release */ = {
			isa = XCBuildConfiguration;
			buildSettings = {
				ASSETCATALOG_COMPILER_APPICON_NAME = AppIcon;
				ASSETCATALOG_COMPILER_GLOBAL_ACCENT_COLOR_NAME = AccentColor;
				CODE_SIGN_STYLE = Automatic;
				CURRENT_PROJECT_VERSION = 1;
				DEVELOPMENT_TEAM = Q75P6DUJC7;
				GENERATE_INFOPLIST_FILE = YES;
				INFOPLIST_FILE = Clases/Info.plist;
				INFOPLIST_KEY_UIApplicationSupportsIndirectInputEvents = YES;
				INFOPLIST_KEY_UILaunchStoryboardName = LaunchScreen;
				INFOPLIST_KEY_UIMainStoryboardFile = Main;
				INFOPLIST_KEY_UISupportedInterfaceOrientations_iPad = "UIInterfaceOrientationPortrait UIInterfaceOrientationPortraitUpsideDown UIInterfaceOrientationLandscapeLeft UIInterfaceOrientationLandscapeRight";
				INFOPLIST_KEY_UISupportedInterfaceOrientations_iPhone = "UIInterfaceOrientationPortrait UIInterfaceOrientationLandscapeLeft UIInterfaceOrientationLandscapeRight";
				IPHONEOS_DEPLOYMENT_TARGET = 15.0;
				LD_RUNPATH_SEARCH_PATHS = (
					"$(inherited)",
					"@executable_path/Frameworks",
				);
				MARKETING_VERSION = 1.0;
				PRODUCT_BUNDLE_IDENTIFIER = com.YareliArragan.Clases;
				PRODUCT_NAME = "$(TARGET_NAME)";
				SUPPORTED_PLATFORMS = "iphoneos iphonesimulator";
				SUPPORTS_MACCATALYST = NO;
				SUPPORTS_MAC_DESIGNED_FOR_IPHONE_IPAD = NO;
				SUPPORTS_XR_DESIGNED_FOR_IPHONE_IPAD = NO;
				SWIFT_EMIT_LOC_STRINGS = YES;
				SWIFT_VERSION = 5.0;
				TARGETED_DEVICE_FAMILY = "1,2";
			};
			name = Release;
		};
/* End XCBuildConfiguration section */

/* Begin XCConfigurationList section */
		F7F02DCF2C42D9E0007D6C7E /* Build configuration list for PBXProject "Clases" */ = {
			isa = XCConfigurationList;
			buildConfigurations = (
				F7F02DE62C42D9E1007D6C7E /* Debug */,
				F7F02DE72C42D9E1007D6C7E /* Release */,
			);
			defaultConfigurationIsVisible = 0;
			defaultConfigurationName = Release;
		};
		F7F02DE82C42D9E1007D6C7E /* Build configuration list for PBXNativeTarget "Clases" */ = {
			isa = XCConfigurationList;
			buildConfigurations = (
				F7F02DE92C42D9E1007D6C7E /* Debug */,
				F7F02DEA2C42D9E1007D6C7E /* Release */,
			);
			defaultConfigurationIsVisible = 0;
			defaultConfigurationName = Release;
		};
/* End XCConfigurationList section */
	};
	rootObject = F7F02DCC2C42D9E0007D6C7E /* Project object */;
}
